// !$*UTF8*$!
{
	archiveVersion = 1;
	classes = {
	};
	objectVersion = 56;
	objects = {

/* Begin PBXBuildFile section */
		8BEF7B032BA6818D0087FF59 /* AppDelegate.swift in Sources */ = {isa = PBXBuildFile; fileRef = 8BEF7B022BA6818D0087FF59 /* AppDelegate.swift */; };
		8BEF7B052BA6818D0087FF59 /* SceneDelegate.swift in Sources */ = {isa = PBXBuildFile; fileRef = 8BEF7B042BA6818D0087FF59 /* SceneDelegate.swift */; };
		8BEF7B072BA6818D0087FF59 /* ViewController.swift in Sources */ = {isa = PBXBuildFile; fileRef = 8BEF7B062BA6818D0087FF59 /* ViewController.swift */; };
		8BEF7B0A2BA6818D0087FF59 /* Main.storyboard in Resources */ = {isa = PBXBuildFile; fileRef = 8BEF7B082BA6818D0087FF59 /* Main.storyboard */; };
		8BEF7B0C2BA6818E0087FF59 /* Assets.xcassets in Resources */ = {isa = PBXBuildFile; fileRef = 8BEF7B0B2BA6818E0087FF59 /* Assets.xcassets */; };
		8BEF7B0F2BA6818E0087FF59 /* LaunchScreen.storyboard in Resources */ = {isa = PBXBuildFile; fileRef = 8BEF7B0D2BA6818E0087FF59 /* LaunchScreen.storyboard */; };
		8BEF7B1A2BA6818E0087FF59 /* Yash_Patel_Assignment7Tests.swift in Sources */ = {isa = PBXBuildFile; fileRef = 8BEF7B192BA6818E0087FF59 /* Yash_Patel_Assignment7Tests.swift */; };
		8BEF7B242BA6818E0087FF59 /* Yash_Patel_Assignment7UITests.swift in Sources */ = {isa = PBXBuildFile; fileRef = 8BEF7B232BA6818E0087FF59 /* Yash_Patel_Assignment7UITests.swift */; };
		8BEF7B262BA6818E0087FF59 /* Yash_Patel_Assignment7UITestsLaunchTests.swift in Sources */ = {isa = PBXBuildFile; fileRef = 8BEF7B252BA6818E0087FF59 /* Yash_Patel_Assignment7UITestsLaunchTests.swift */; };
/* End PBXBuildFile section */

/* Begin PBXContainerItemProxy section */
		8BEF7B162BA6818E0087FF59 /* PBXContainerItemProxy */ = {
			isa = PBXContainerItemProxy;
			containerPortal = 8BEF7AF72BA6818D0087FF59 /* Project object */;
			proxyType = 1;
			remoteGlobalIDString = 8BEF7AFE2BA6818D0087FF59;
			remoteInfo = Yash_Patel_Assignment7;
		};
		8BEF7B202BA6818E0087FF59 /* PBXContainerItemProxy */ = {
			isa = PBXContainerItemProxy;
			containerPortal = 8BEF7AF72BA6818D0087FF59 /* Project object */;
			proxyType = 1;
			remoteGlobalIDString = 8BEF7AFE2BA6818D0087FF59;
			remoteInfo = Yash_Patel_Assignment7;
		};
/* End PBXContainerItemProxy section */

/* Begin PBXFileReference section */
		8BEF7AFF2BA6818D0087FF59 /* Yash_Patel_Assignment7.app */ = {isa = PBXFileReference; explicitFileType = wrapper.application; includeInIndex = 0; path = Yash_Patel_Assignment7.app; sourceTree = BUILT_PRODUCTS_DIR; };
		8BEF7B022BA6818D0087FF59 /* AppDelegate.swift */ = {isa = PBXFileReference; lastKnownFileType = sourcecode.swift; path = AppDelegate.swift; sourceTree = "<group>"; };
		8BEF7B042BA6818D0087FF59 /* SceneDelegate.swift */ = {isa = PBXFileReference; lastKnownFileType = sourcecode.swift; path = SceneDelegate.swift; sourceTree = "<group>"; };
		8BEF7B062BA6818D0087FF59 /* ViewController.swift */ = {isa = PBXFileReference; lastKnownFileType = sourcecode.swift; path = ViewController.swift; sourceTree = "<group>"; };
		8BEF7B092BA6818D0087FF59 /* Base */ = {isa = PBXFileReference; lastKnownFileType = file.storyboard; name = Base; path = Base.lproj/Main.storyboard; sourceTree = "<group>"; };
		8BEF7B0B2BA6818E0087FF59 /* Assets.xcassets */ = {isa = PBXFileReference; lastKnownFileType = folder.assetcatalog; path = Assets.xcassets; sourceTree = "<group>"; };
		8BEF7B0E2BA6818E0087FF59 /* Base */ = {isa = PBXFileReference; lastKnownFileType = file.storyboard; name = Base; path = Base.lproj/LaunchScreen.storyboard; sourceTree = "<group>"; };
		8BEF7B102BA6818E0087FF59 /* Info.plist */ = {isa = PBXFileReference; lastKnownFileType = text.plist.xml; path = Info.plist; sourceTree = "<group>"; };
		8BEF7B152BA6818E0087FF59 /* Yash_Patel_Assignment7Tests.xctest */ = {isa = PBXFileReference; explicitFileType = wrapper.cfbundle; includeInIndex = 0; path = Yash_Patel_Assignment7Tests.xctest; sourceTree = BUILT_PRODUCTS_DIR; };
		8BEF7B192BA6818E0087FF59 /* Yash_Patel_Assignment7Tests.swift */ = {isa = PBXFileReference; lastKnownFileType = sourcecode.swift; path = Yash_Patel_Assignment7Tests.swift; sourceTree = "<group>"; };
		8BEF7B1F2BA6818E0087FF59 /* Yash_Patel_Assignment7UITests.xctest */ = {isa = PBXFileReference; explicitFileType = wrapper.cfbundle; includeInIndex = 0; path = Yash_Patel_Assignment7UITests.xctest; sourceTree = BUILT_PRODUCTS_DIR; };
		8BEF7B232BA6818E0087FF59 /* Yash_Patel_Assignment7UITests.swift */ = {isa = PBXFileReference; lastKnownFileType = sourcecode.swift; path = Yash_Patel_Assignment7UITests.swift; sourceTree = "<group>"; };
		8BEF7B252BA6818E0087FF59 /* Yash_Patel_Assignment7UITestsLaunchTests.swift */ = {isa = PBXFileReference; lastKnownFileType = sourcecode.swift; path = Yash_Patel_Assignment7UITestsLaunchTests.swift; sourceTree = "<group>"; };
/* End PBXFileReference section */

/* Begin PBXFrameworksBuildPhase section */
		8BEF7AFC2BA6818D0087FF59 /* Frameworks */ = {
			isa = PBXFrameworksBuildPhase;
			buildActionMask = 2147483647;
			files = (
			);
			runOnlyForDeploymentPostprocessing = 0;
		};
		8BEF7B122BA6818E0087FF59 /* Frameworks */ = {
			isa = PBXFrameworksBuildPhase;
			buildActionMask = 2147483647;
			files = (
			);
			runOnlyForDeploymentPostprocessing = 0;
		};
		8BEF7B1C2BA6818E0087FF59 /* Frameworks */ = {
			isa = PBXFrameworksBuildPhase;
			buildActionMask = 2147483647;
			files = (
			);
			runOnlyForDeploymentPostprocessing = 0;
		};
/* End PBXFrameworksBuildPhase section */

/* Begin PBXGroup section */
		8BEF7AF62BA6818D0087FF59 = {
			isa = PBXGroup;
			children = (
				8BEF7B012BA6818D0087FF59 /* Yash_Patel_Assignment7 */,
				8BEF7B182BA6818E0087FF59 /* Yash_Patel_Assignment7Tests */,
				8BEF7B222BA6818E0087FF59 /* Yash_Patel_Assignment7UITests */,
				8BEF7B002BA6818D0087FF59 /* Products */,
			);
			sourceTree = "<group>";
		};
		8BEF7B002BA6818D0087FF59 /* Products */ = {
			isa = PBXGroup;
			children = (
				8BEF7AFF2BA6818D0087FF59 /* Yash_Patel_Assignment7.app */,
				8BEF7B152BA6818E0087FF59 /* Yash_Patel_Assignment7Tests.xctest */,
				8BEF7B1F2BA6818E0087FF59 /* Yash_Patel_Assignment7UITests.xctest */,
			);
			name = Products;
			sourceTree = "<group>";
		};
		8BEF7B012BA6818D0087FF59 /* Yash_Patel_Assignment7 */ = {
			isa = PBXGroup;
			children = (
				8BEF7B022BA6818D0087FF59 /* AppDelegate.swift */,
				8BEF7B042BA6818D0087FF59 /* SceneDelegate.swift */,
				8BEF7B062BA6818D0087FF59 /* ViewController.swift */,
				8BEF7B082BA6818D0087FF59 /* Main.storyboard */,
				8BEF7B0B2BA6818E0087FF59 /* Assets.xcassets */,
				8BEF7B0D2BA6818E0087FF59 /* LaunchScreen.storyboard */,
				8BEF7B102BA6818E0087FF59 /* Info.plist */,
			);
			path = Yash_Patel_Assignment7;
			sourceTree = "<group>";
		};
		8BEF7B182BA6818E0087FF59 /* Yash_Patel_Assignment7Tests */ = {
			isa = PBXGroup;
			children = (
				8BEF7B192BA6818E0087FF59 /* Yash_Patel_Assignment7Tests.swift */,
			);
			path = Yash_Patel_Assignment7Tests;
			sourceTree = "<group>";
		};
		8BEF7B222BA6818E0087FF59 /* Yash_Patel_Assignment7UITests */ = {
			isa = PBXGroup;
			children = (
				8BEF7B232BA6818E0087FF59 /* Yash_Patel_Assignment7UITests.swift */,
				8BEF7B252BA6818E0087FF59 /* Yash_Patel_Assignment7UITestsLaunchTests.swift */,
			);
			path = Yash_Patel_Assignment7UITests;
			sourceTree = "<group>";
		};
/* End PBXGroup section */

/* Begin PBXNativeTarget section */
		8BEF7AFE2BA6818D0087FF59 /* Yash_Patel_Assignment7 */ = {
			isa = PBXNativeTarget;
			buildConfigurationList = 8BEF7B292BA6818E0087FF59 /* Build configuration list for PBXNativeTarget "Yash_Patel_Assignment7" */;
			buildPhases = (
				8BEF7AFB2BA6818D0087FF59 /* Sources */,
				8BEF7AFC2BA6818D0087FF59 /* Frameworks */,
				8BEF7AFD2BA6818D0087FF59 /* Resources */,
			);
			buildRules = (
			);
			dependencies = (
			);
			name = Yash_Patel_Assignment7;
			productName = Yash_Patel_Assignment7;
			productReference = 8BEF7AFF2BA6818D0087FF59 /* Yash_Patel_Assignment7.app */;
			productType = "com.apple.product-type.application";
		};
		8BEF7B142BA6818E0087FF59 /* Yash_Patel_Assignment7Tests */ = {
			isa = PBXNativeTarget;
			buildConfigurationList = 8BEF7B2C2BA6818E0087FF59 /* Build configuration list for PBXNativeTarget "Yash_Patel_Assignment7Tests" */;
			buildPhases = (
				8BEF7B112BA6818E0087FF59 /* Sources */,
				8BEF7B122BA6818E0087FF59 /* Frameworks */,
				8BEF7B132BA6818E0087FF59 /* Resources */,
			);
			buildRules = (
			);
			dependencies = (
				8BEF7B172BA6818E0087FF59 /* PBXTargetDependency */,
			);
			name = Yash_Patel_Assignment7Tests;
			productName = Yash_Patel_Assignment7Tests;
			productReference = 8BEF7B152BA6818E0087FF59 /* Yash_Patel_Assignment7Tests.xctest */;
			productType = "com.apple.product-type.bundle.unit-test";
		};
		8BEF7B1E2BA6818E0087FF59 /* Yash_Patel_Assignment7UITests */ = {
			isa = PBXNativeTarget;
			buildConfigurationList = 8BEF7B2F2BA6818E0087FF59 /* Build configuration list for PBXNativeTarget "Yash_Patel_Assignment7UITests" */;
			buildPhases = (
				8BEF7B1B2BA6818E0087FF59 /* Sources */,
				8BEF7B1C2BA6818E0087FF59 /* Frameworks */,
				8BEF7B1D2BA6818E0087FF59 /* Resources */,
			);
			buildRules = (
			);
			dependencies = (
				8BEF7B212BA6818E0087FF59 /* PBXTargetDependency */,
			);
			name = Yash_Patel_Assignment7UITests;
			productName = Yash_Patel_Assignment7UITests;
			productReference = 8BEF7B1F2BA6818E0087FF59 /* Yash_Patel_Assignment7UITests.xctest */;
			productType = "com.apple.product-type.bundle.ui-testing";
		};
/* End PBXNativeTarget section */

/* Begin PBXProject section */
		8BEF7AF72BA6818D0087FF59 /* Project object */ = {
			isa = PBXProject;
			attributes = {
				BuildIndependentTargetsInParallel = 1;
				LastSwiftUpdateCheck = 1420;
				LastUpgradeCheck = 1420;
				TargetAttributes = {
					8BEF7AFE2BA6818D0087FF59 = {
						CreatedOnToolsVersion = 14.2;
					};
					8BEF7B142BA6818E0087FF59 = {
						CreatedOnToolsVersion = 14.2;
						TestTargetID = 8BEF7AFE2BA6818D0087FF59;
					};
					8BEF7B1E2BA6818E0087FF59 = {
						CreatedOnToolsVersion = 14.2;
						TestTargetID = 8BEF7AFE2BA6818D0087FF59;
					};
				};
			};
			buildConfigurationList = 8BEF7AFA2BA6818D0087FF59 /* Build configuration list for PBXProject "Yash_Patel_Assignment7" */;
			compatibilityVersion = "Xcode 14.0";
			developmentRegion = en;
			hasScannedForEncodings = 0;
			knownRegions = (
				en,
				Base,
			);
			mainGroup = 8BEF7AF62BA6818D0087FF59;
			productRefGroup = 8BEF7B002BA6818D0087FF59 /* Products */;
			projectDirPath = "";
			projectRoot = "";
			targets = (
				8BEF7AFE2BA6818D0087FF59 /* Yash_Patel_Assignment7 */,
				8BEF7B142BA6818E0087FF59 /* Yash_Patel_Assignment7Tests */,
				8BEF7B1E2BA6818E0087FF59 /* Yash_Patel_Assignment7UITests */,
			);
		};
/* End PBXProject section */

/* Begin PBXResourcesBuildPhase section */
		8BEF7AFD2BA6818D0087FF59 /* Resources */ = {
			isa = PBXResourcesBuildPhase;
			buildActionMask = 2147483647;
			files = (
				8BEF7B0F2BA6818E0087FF59 /* LaunchScreen.storyboard in Resources */,
				8BEF7B0C2BA6818E0087FF59 /* Assets.xcassets in Resources */,
				8BEF7B0A2BA6818D0087FF59 /* Main.storyboard in Resources */,
			);
			runOnlyForDeploymentPostprocessing = 0;
		};
		8BEF7B132BA6818E0087FF59 /* Resources */ = {
			isa = PBXResourcesBuildPhase;
			buildActionMask = 2147483647;
			files = (
			);
			runOnlyForDeploymentPostprocessing = 0;
		};
		8BEF7B1D2BA6818E0087FF59 /* Resources */ = {
			isa = PBXResourcesBuildPhase;
			buildActionMask = 2147483647;
			files = (
			);
			runOnlyForDeploymentPostprocessing = 0;
		};
/* End PBXResourcesBuildPhase section */

/* Begin PBXSourcesBuildPhase section */
		8BEF7AFB2BA6818D0087FF59 /* Sources */ = {
			isa = PBXSourcesBuildPhase;
			buildActionMask = 2147483647;
			files = (
				8BEF7B072BA6818D0087FF59 /* ViewController.swift in Sources */,
				8BEF7B032BA6818D0087FF59 /* AppDelegate.swift in Sources */,
				8BEF7B052BA6818D0087FF59 /* SceneDelegate.swift in Sources */,
			);
			runOnlyForDeploymentPostprocessing = 0;
		};
		8BEF7B112BA6818E0087FF59 /* Sources */ = {
			isa = PBXSourcesBuildPhase;
			buildActionMask = 2147483647;
			files = (
				8BEF7B1A2BA6818E0087FF59 /* Yash_Patel_Assignment7Tests.swift in Sources */,
			);
			runOnlyForDeploymentPostprocessing = 0;
		};
		8BEF7B1B2BA6818E0087FF59 /* Sources */ = {
			isa = PBXSourcesBuildPhase;
			buildActionMask = 2147483647;
			files = (
				8BEF7B242BA6818E0087FF59 /* Yash_Patel_Assignment7UITests.swift in Sources */,
				8BEF7B262BA6818E0087FF59 /* Yash_Patel_Assignment7UITestsLaunchTests.swift in Sources */,
			);
			runOnlyForDeploymentPostprocessing = 0;
		};
/* End PBXSourcesBuildPhase section */

/* Begin PBXTargetDependency section */
		8BEF7B172BA6818E0087FF59 /* PBXTargetDependency */ = {
			isa = PBXTargetDependency;
			target = 8BEF7AFE2BA6818D0087FF59 /* Yash_Patel_Assignment7 */;
			targetProxy = 8BEF7B162BA6818E0087FF59 /* PBXContainerItemProxy */;
		};
		8BEF7B212BA6818E0087FF59 /* PBXTargetDependency */ = {
			isa = PBXTargetDependency;
			target = 8BEF7AFE2BA6818D0087FF59 /* Yash_Patel_Assignment7 */;
			targetProxy = 8BEF7B202BA6818E0087FF59 /* PBXContainerItemProxy */;
		};
/* End PBXTargetDependency section */

/* Begin PBXVariantGroup section */
		8BEF7B082BA6818D0087FF59 /* Main.storyboard */ = {
			isa = PBXVariantGroup;
			children = (
				8BEF7B092BA6818D0087FF59 /* Base */,
			);
			name = Main.storyboard;
			sourceTree = "<group>";
		};
		8BEF7B0D2BA6818E0087FF59 /* LaunchScreen.storyboard */ = {
			isa = PBXVariantGroup;
			children = (
				8BEF7B0E2BA6818E0087FF59 /* Base */,
			);
			name = LaunchScreen.storyboard;
			sourceTree = "<group>";
		};
/* End PBXVariantGroup section */

/* Begin XCBuildConfiguration section */
		8BEF7B272BA6818E0087FF59 /* Debug */ = {
			isa = XCBuildConfiguration;
			buildSettings = {
				ALWAYS_SEARCH_USER_PATHS = NO;
				CLANG_ANALYZER_NONNULL = YES;
				CLANG_ANALYZER_NUMBER_OBJECT_CONVERSION = YES_AGGRESSIVE;
				CLANG_CXX_LANGUAGE_STANDARD = "gnu++20";
				CLANG_ENABLE_MODULES = YES;
				CLANG_ENABLE_OBJC_ARC = YES;
				CLANG_ENABLE_OBJC_WEAK = YES;
				CLANG_WARN_BLOCK_CAPTURE_AUTORELEASING = YES;
				CLANG_WARN_BOOL_CONVERSION = YES;
				CLANG_WARN_COMMA = YES;
				CLANG_WARN_CONSTANT_CONVERSION = YES;
				CLANG_WARN_DEPRECATED_OBJC_IMPLEMENTATIONS = YES;
				CLANG_WARN_DIRECT_OBJC_ISA_USAGE = YES_ERROR;
				CLANG_WARN_DOCUMENTATION_COMMENTS = YES;
				CLANG_WARN_EMPTY_BODY = YES;
				CLANG_WARN_ENUM_CONVERSION = YES;
				CLANG_WARN_INFINITE_RECURSION = YES;
				CLANG_WARN_INT_CONVERSION = YES;
				CLANG_WARN_NON_LITERAL_NULL_CONVERSION = YES;
				CLANG_WARN_OBJC_IMPLICIT_RETAIN_SELF = YES;
				CLANG_WARN_OBJC_LITERAL_CONVERSION = YES;
				CLANG_WARN_OBJC_ROOT_CLASS = YES_ERROR;
				CLANG_WARN_QUOTED_INCLUDE_IN_FRAMEWORK_HEADER = YES;
				CLANG_WARN_RANGE_LOOP_ANALYSIS = YES;
				CLANG_WARN_STRICT_PROTOTYPES = YES;
				CLANG_WARN_SUSPICIOUS_MOVE = YES;
				CLANG_WARN_UNGUARDED_AVAILABILITY = YES_AGGRESSIVE;
				CLANG_WARN_UNREACHABLE_CODE = YES;
				CLANG_WARN__DUPLICATE_METHOD_MATCH = YES;
				COPY_PHASE_STRIP = NO;
				DEBUG_INFORMATION_FORMAT = dwarf;
				ENABLE_STRICT_OBJC_MSGSEND = YES;
				ENABLE_TESTABILITY = YES;
				GCC_C_LANGUAGE_STANDARD = gnu11;
				GCC_DYNAMIC_NO_PIC = NO;
				GCC_NO_COMMON_BLOCKS = YES;
				GCC_OPTIMIZATION_LEVEL = 0;
				GCC_PREPROCESSOR_DEFINITIONS = (
					"DEBUG=1",
					"$(inherited)",
				);
				GCC_WARN_64_TO_32_BIT_CONVERSION = YES;
				GCC_WARN_ABOUT_RETURN_TYPE = YES_ERROR;
				GCC_WARN_UNDECLARED_SELECTOR = YES;
				GCC_WARN_UNINITIALIZED_AUTOS = YES_AGGRESSIVE;
				GCC_WARN_UNUSED_FUNCTION = YES;
				GCC_WARN_UNUSED_VARIABLE = YES;
				IPHONEOS_DEPLOYMENT_TARGET = 16.2;
				MTL_ENABLE_DEBUG_INFO = INCLUDE_SOURCE;
				MTL_FAST_MATH = YES;
				ONLY_ACTIVE_ARCH = YES;
				SDKROOT = iphoneos;
				SWIFT_ACTIVE_COMPILATION_CONDITIONS = DEBUG;
				SWIFT_OPTIMIZATION_LEVEL = "-Onone";
			};
			name = Debug;
		};
		8BEF7B282BA6818E0087FF59 /* Release */ = {
			isa = XCBuildConfiguration;
			buildSettings = {
				ALWAYS_SEARCH_USER_PATHS = NO;
				CLANG_ANALYZER_NONNULL = YES;
				CLANG_ANALYZER_NUMBER_OBJECT_CONVERSION = YES_AGGRESSIVE;
				CLANG_CXX_LANGUAGE_STANDARD = "gnu++20";
				CLANG_ENABLE_MODULES = YES;
				CLANG_ENABLE_OBJC_ARC = YES;
				CLANG_ENABLE_OBJC_WEAK = YES;
				CLANG_WARN_BLOCK_CAPTURE_AUTORELEASING = YES;
				CLANG_WARN_BOOL_CONVERSION = YES;
				CLANG_WARN_COMMA = YES;
				CLANG_WARN_CONSTANT_CONVERSION = YES;
				CLANG_WARN_DEPRECATED_OBJC_IMPLEMENTATIONS = YES;
				CLANG_WARN_DIRECT_OBJC_ISA_USAGE = YES_ERROR;
				CLANG_WARN_DOCUMENTATION_COMMENTS = YES;
				CLANG_WARN_EMPTY_BODY = YES;
				CLANG_WARN_ENUM_CONVERSION = YES;
				CLANG_WARN_INFINITE_RECURSION = YES;
				CLANG_WARN_INT_CONVERSION = YES;
				CLANG_WARN_NON_LITERAL_NULL_CONVERSION = YES;
				CLANG_WARN_OBJC_IMPLICIT_RETAIN_SELF = YES;
				CLANG_WARN_OBJC_LITERAL_CONVERSION = YES;
				CLANG_WARN_OBJC_ROOT_CLASS = YES_ERROR;
				CLANG_WARN_QUOTED_INCLUDE_IN_FRAMEWORK_HEADER = YES;
				CLANG_WARN_RANGE_LOOP_ANALYSIS = YES;
				CLANG_WARN_STRICT_PROTOTYPES = YES;
				CLANG_WARN_SUSPICIOUS_MOVE = YES;
				CLANG_WARN_UNGUARDED_AVAILABILITY = YES_AGGRESSIVE;
				CLANG_WARN_UNREACHABLE_CODE = YES;
				CLANG_WARN__DUPLICATE_METHOD_MATCH = YES;
				COPY_PHASE_STRIP = NO;
				DEBUG_INFORMATION_FORMAT = "dwarf-with-dsym";
				ENABLE_NS_ASSERTIONS = NO;
				ENABLE_STRICT_OBJC_MSGSEND = YES;
				GCC_C_LANGUAGE_STANDARD = gnu11;
				GCC_NO_COMMON_BLOCKS = YES;
				GCC_WARN_64_TO_32_BIT_CONVERSION = YES;
				GCC_WARN_ABOUT_RETURN_TYPE = YES_ERROR;
				GCC_WARN_UNDECLARED_SELECTOR = YES;
				GCC_WARN_UNINITIALIZED_AUTOS = YES_AGGRESSIVE;
				GCC_WARN_UNUSED_FUNCTION = YES;
				GCC_WARN_UNUSED_VARIABLE = YES;
				IPHONEOS_DEPLOYMENT_TARGET = 16.2;
				MTL_ENABLE_DEBUG_INFO = NO;
				MTL_FAST_MATH = YES;
				SDKROOT = iphoneos;
				SWIFT_COMPILATION_MODE = wholemodule;
				SWIFT_OPTIMIZATION_LEVEL = "-O";
				VALIDATE_PRODUCT = YES;
			};
			name = Release;
		};
		8BEF7B2A2BA6818E0087FF59 /* Debug */ = {
			isa = XCBuildConfiguration;
			buildSettings = {
				ASSETCATALOG_COMPILER_APPICON_NAME = AppIcon;
				ASSETCATALOG_COMPILER_GLOBAL_ACCENT_COLOR_NAME = AccentColor;
				CODE_SIGN_STYLE = Automatic;
				CURRENT_PROJECT_VERSION = 1;
				GENERATE_INFOPLIST_FILE = YES;
				INFOPLIST_FILE = Yash_Patel_Assignment7/Info.plist;
				INFOPLIST_KEY_UIApplicationSupportsIndirectInputEvents = YES;
				INFOPLIST_KEY_UILaunchStoryboardName = LaunchScreen;
				INFOPLIST_KEY_UIMainStoryboardFile = Main;
				INFOPLIST_KEY_UISupportedInterfaceOrientations_iPad = "UIInterfaceOrientationPortrait UIInterfaceOrientationPortraitUpsideDown UIInterfaceOrientationLandscapeLeft UIInterfaceOrientationLandscapeRight";
				INFOPLIST_KEY_UISupportedInterfaceOrientations_iPhone = "UIInterfaceOrientationPortrait UIInterfaceOrientationLandscapeLeft UIInterfaceOrientationLandscapeRight";
				LD_RUNPATH_SEARCH_PATHS = (
					"$(inherited)",
					"@executable_path/Frameworks",
				);
				MARKETING_VERSION = 1.0;
				PRODUCT_BUNDLE_IDENTIFIER = "Com.conestoga.week.Yash-Patel-Assignment7";
				PRODUCT_NAME = "$(TARGET_NAME)";
				SWIFT_EMIT_LOC_STRINGS = YES;
				SWIFT_VERSION = 5.0;
				TARGETED_DEVICE_FAMILY = "1,2";
			};
			name = Debug;
		};
		8BEF7B2B2BA6818E0087FF59 /* Release */ = {
			isa = XCBuildConfiguration;
			buildSettings = {
				ASSETCATALOG_COMPILER_APPICON_NAME = AppIcon;
				ASSETCATALOG_COMPILER_GLOBAL_ACCENT_COLOR_NAME = AccentColor;
				CODE_SIGN_STYLE = Automatic;
				CURRENT_PROJECT_VERSION = 1;
				GENERATE_INFOPLIST_FILE = YES;
				INFOPLIST_FILE = Yash_Patel_Assignment7/Info.plist;
				INFOPLIST_KEY_UIApplicationSupportsIndirectInputEvents = YES;
				INFOPLIST_KEY_UILaunchStoryboardName = LaunchScreen;
				INFOPLIST_KEY_UIMainStoryboardFile = Main;
				INFOPLIST_KEY_UISupportedInterfaceOrientations_iPad = "UIInterfaceOrientationPortrait UIInterfaceOrientationPortraitUpsideDown UIInterfaceOrientationLandscapeLeft UIInterfaceOrientationLandscapeRight";
				INFOPLIST_KEY_UISupportedInterfaceOrientations_iPhone = "UIInterfaceOrientationPortrait UIInterfaceOrientationLandscapeLeft UIInterfaceOrientationLandscapeRight";
				LD_RUNPATH_SEARCH_PATHS = (
					"$(inherited)",
					"@executable_path/Frameworks",
				);
				MARKETING_VERSION = 1.0;
				PRODUCT_BUNDLE_IDENTIFIER = "Com.conestoga.week.Yash-Patel-Assignment7";
				PRODUCT_NAME = "$(TARGET_NAME)";
				SWIFT_EMIT_LOC_STRINGS = YES;
				SWIFT_VERSION = 5.0;
				TARGETED_DEVICE_FAMILY = "1,2";
			};
			name = Release;
		};
		8BEF7B2D2BA6818E0087FF59 /* Debug */ = {
			isa = XCBuildConfiguration;
			buildSettings = {
				ALWAYS_EMBED_SWIFT_STANDARD_LIBRARIES = YES;
				BUNDLE_LOADER = "$(TEST_HOST)";
				CODE_SIGN_STYLE = Automatic;
				CURRENT_PROJECT_VERSION = 1;
				GENERATE_INFOPLIST_FILE = YES;
				IPHONEOS_DEPLOYMENT_TARGET = 16.2;
				MARKETING_VERSION = 1.0;
				PRODUCT_BUNDLE_IDENTIFIER = "Com.conestoga.week.Yash-Patel-Assignment7Tests";
				PRODUCT_NAME = "$(TARGET_NAME)";
				SWIFT_EMIT_LOC_STRINGS = NO;
				SWIFT_VERSION = 5.0;
				TARGETED_DEVICE_FAMILY = "1,2";
				TEST_HOST = "$(BUILT_PRODUCTS_DIR)/Yash_Patel_Assignment7.app/$(BUNDLE_EXECUTABLE_FOLDER_PATH)/Yash_Patel_Assignment7";
			};
			name = Debug;
		};
		8BEF7B2E2BA6818E0087FF59 /* Release */ = {
			isa = XCBuildConfiguration;
			buildSettings = {
				ALWAYS_EMBED_SWIFT_STANDARD_LIBRARIES = YES;
				BUNDLE_LOADER = "$(TEST_HOST)";
				CODE_SIGN_STYLE = Automatic;
				CURRENT_PROJECT_VERSION = 1;
				GENERATE_INFOPLIST_FILE = YES;
				IPHONEOS_DEPLOYMENT_TARGET = 16.2;
				MARKETING_VERSION = 1.0;
				PRODUCT_BUNDLE_IDENTIFIER = "Com.conestoga.week.Yash-Patel-Assignment7Tests";
				PRODUCT_NAME = "$(TARGET_NAME)";
				SWIFT_EMIT_LOC_STRINGS = NO;
				SWIFT_VERSION = 5.0;
				TARGETED_DEVICE_FAMILY = "1,2";
				TEST_HOST = "$(BUILT_PRODUCTS_DIR)/Yash_Patel_Assignment7.app/$(BUNDLE_EXECUTABLE_FOLDER_PATH)/Yash_Patel_Assignment7";
			};
			name = Release;
		};
		8BEF7B302BA6818E0087FF59 /* Debug */ = {
			isa = XCBuildConfiguration;
			buildSettings = {
				ALWAYS_EMBED_SWIFT_STANDARD_LIBRARIES = YES;
				CODE_SIGN_STYLE = Automatic;
				CURRENT_PROJECT_VERSION = 1;
				GENERATE_INFOPLIST_FILE = YES;
				MARKETING_VERSION = 1.0;
				PRODUCT_BUNDLE_IDENTIFIER = "Com.conestoga.week.Yash-Patel-Assignment7UITests";
				PRODUCT_NAME = "$(TARGET_NAME)";
				SWIFT_EMIT_LOC_STRINGS = NO;
				SWIFT_VERSION = 5.0;
				TARGETED_DEVICE_FAMILY = "1,2";
				TEST_TARGET_NAME = Yash_Patel_Assignment7;
			};
			name = Debug;
		};
		8BEF7B312BA6818E0087FF59 /* Release */ = {
			isa = XCBuildConfiguration;
			buildSettings = {
				ALWAYS_EMBED_SWIFT_STANDARD_LIBRARIES = YES;
				CODE_SIGN_STYLE = Automatic;
				CURRENT_PROJECT_VERSION = 1;
				GENERATE_INFOPLIST_FILE = YES;
				MARKETING_VERSION = 1.0;
				PRODUCT_BUNDLE_IDENTIFIER = "Com.conestoga.week.Yash-Patel-Assignment7UITests";
				PRODUCT_NAME = "$(TARGET_NAME)";
				SWIFT_EMIT_LOC_STRINGS = NO;
				SWIFT_VERSION = 5.0;
				TARGETED_DEVICE_FAMILY = "1,2";
				TEST_TARGET_NAME = Yash_Patel_Assignment7;
			};
			name = Release;
		};
/* End XCBuildConfiguration section */

/* Begin XCConfigurationList section */
		8BEF7AFA2BA6818D0087FF59 /* Build configuration list for PBXProject "Yash_Patel_Assignment7" */ = {
			isa = XCConfigurationList;
			buildConfigurations = (
				8BEF7B272BA6818E0087FF59 /* Debug */,
				8BEF7B282BA6818E0087FF59 /* Release */,
			);
			defaultConfigurationIsVisible = 0;
			defaultConfigurationName = Release;
		};
		8BEF7B292BA6818E0087FF59 /* Build configuration list for PBXNativeTarget "Yash_Patel_Assignment7" */ = {
			isa = XCConfigurationList;
			buildConfigurations = (
				8BEF7B2A2BA6818E0087FF59 /* Debug */,
				8BEF7B2B2BA6818E0087FF59 /* Release */,
			);
			defaultConfigurationIsVisible = 0;
			defaultConfigurationName = Release;
		};
		8BEF7B2C2BA6818E0087FF59 /* Build configuration list for PBXNativeTarget "Yash_Patel_Assignment7Tests" */ = {
			isa = XCConfigurationList;
			buildConfigurations = (
				8BEF7B2D2BA6818E0087FF59 /* Debug */,
				8BEF7B2E2BA6818E0087FF59 /* Release */,
			);
			defaultConfigurationIsVisible = 0;
			defaultConfigurationName = Release;
		};
		8BEF7B2F2BA6818E0087FF59 /* Build configuration list for PBXNativeTarget "Yash_Patel_Assignment7UITests" */ = {
			isa = XCConfigurationList;
			buildConfigurations = (
				8BEF7B302BA6818E0087FF59 /* Debug */,
				8BEF7B312BA6818E0087FF59 /* Release */,
			);
			defaultConfigurationIsVisible = 0;
			defaultConfigurationName = Release;
		};
/* End XCConfigurationList section */
	};
	rootObject = 8BEF7AF72BA6818D0087FF59 /* Project object */;
}
